
Microsoft Visual Studio Solution File, Format Version 12.00
# Visual Studio 15
VisualStudioVersion = 15.0.27703.2042
MinimumVisualStudioVersion = 10.0.40219.1
Project("{8BC9CEB8-8B4A-11D0-8D11-00A0C91BC942}") = "DataStructureAndAlgorithms", "DataStructureAndAlgorithms\DataStructureAndAlgorithms.vcxproj", "{D42D8683-347E-420C-9EF3-E5D9BF94F200}"
EndProject
Global
	GlobalSection(SolutionConfigurationPlatforms) = preSolution
		Debug|x64 = Debug|x64
		Debug|x86 = Debug|x86
		Release|x64 = Release|x64
		Release|x86 = Release|x86
	EndGlobalSection
	GlobalSection(ProjectConfigurationPlatforms) = postSolution
		{D42D8683-347E-420C-9EF3-E5D9BF94F200}.Debug|x64.ActiveCfg = Debug|x64
		{D42D8683-347E-420C-9EF3-E5D9BF94F200}.Debug|x64.Build.0 = Debug|x64
		{D42D8683-347E-420C-9EF3-E5D9BF94F200}.Debug|x86.ActiveCfg = Debug|Win32
		{D42D8683-347E-420C-9EF3-E5D9BF94F200}.Debug|x86.Build.0 = Debug|Win32
		{D42D8683-347E-420C-9EF3-E5D9BF94F200}.Release|x64.ActiveCfg = Release|x64
		{D42D8683-347E-420C-9EF3-E5D9BF94F200}.Release|x64.Build.0 = Release|x64
		{D42D8683-347E-420C-9EF3-E5D9BF94F200}.Release|x86.ActiveCfg = Release|Win32
		{D42D8683-347E-420C-9EF3-E5D9BF94F200}.Release|x86.Build.0 = Release|Win32
	EndGlobalSection
	GlobalSection(SolutionProperties) = preSolution
		HideSolutionNode = FALSE
	EndGlobalSection
	GlobalSection(ExtensibilityGlobals) = postSolution
		SolutionGuid = {A081E2FE-7834-4656-8BDB-EC5041F899BB}
	EndGlobalSection
EndGlobal
